
Microsoft Visual Studio Solution File, Format Version 12.00
# Visual Studio Version 17
VisualStudioVersion = 17.1.32319.34
MinimumVisualStudioVersion = 10.0.40219.1
Project("{FAE04EC0-301F-11D3-BF4B-00C04F79EFBC}") = "ment_dsboard", "ment_dsboard\ment_dsboard.csproj", "{DF9EB287-99EB-4466-85D7-A3D33CC1A296}"
EndProject
Global
	GlobalSection(SolutionConfigurationPlatforms) = preSolution
		Debug|Any CPU = Debug|Any CPU
		Release|Any CPU = Release|Any CPU
	EndGlobalSection
	GlobalSection(ProjectConfigurationPlatforms) = postSolution
		{DF9EB287-99EB-4466-85D7-A3D33CC1A296}.Debug|Any CPU.ActiveCfg = Debug|Any CPU
		{DF9EB287-99EB-4466-85D7-A3D33CC1A296}.Debug|Any CPU.Build.0 = Debug|Any CPU
		{DF9EB287-99EB-4466-85D7-A3D33CC1A296}.Debug|Any CPU.Deploy.0 = Debug|Any CPU
		{DF9EB287-99EB-4466-85D7-A3D33CC1A296}.Release|Any CPU.ActiveCfg = Release|Any CPU
		{DF9EB287-99EB-4466-85D7-A3D33CC1A296}.Release|Any CPU.Build.0 = Release|Any CPU
		{DF9EB287-99EB-4466-85D7-A3D33CC1A296}.Release|Any CPU.Deploy.0 = Release|Any CPU
	EndGlobalSection
	GlobalSection(SolutionProperties) = preSolution
		HideSolutionNode = FALSE
	EndGlobalSection
	GlobalSection(ExtensibilityGlobals) = postSolution
		SolutionGuid = {B3A560C3-865A-4AE2-981C-D17F4A11C397}
	EndGlobalSection
EndGlobal
